
Microsoft Visual Studio Solution File, Format Version 12.00
# Visual Studio 15
VisualStudioVersion = 15.0.26124.0
MinimumVisualStudioVersion = 15.0.26124.0
Project("{2150E333-8FDC-42A3-9474-1A3956D46DE8}") = "src", "src", "{1A2EA37C-FD87-4662-BF6A-9805D197432A}"
EndProject
Project("{FAE04EC0-301F-11D3-BF4B-00C04F79EFBC}") = "Autofac.Benchmark.Api", "src\Autofac.Benchmark.Api\Autofac.Benchmark.Api.csproj", "{6FC043FF-382D-4777-8684-C2198200F393}"
EndProject
Global
	GlobalSection(SolutionConfigurationPlatforms) = preSolution
		Debug|Any CPU = Debug|Any CPU
		Debug|x64 = Debug|x64
		Debug|x86 = Debug|x86
		Release|Any CPU = Release|Any CPU
		Release|x64 = Release|x64
		Release|x86 = Release|x86
	EndGlobalSection
	GlobalSection(SolutionProperties) = preSolution
		HideSolutionNode = FALSE
	EndGlobalSection
	GlobalSection(ProjectConfigurationPlatforms) = postSolution
		{6FC043FF-382D-4777-8684-C2198200F393}.Debug|Any CPU.ActiveCfg = Debug|Any CPU
		{6FC043FF-382D-4777-8684-C2198200F393}.Debug|Any CPU.Build.0 = Debug|Any CPU
		{6FC043FF-382D-4777-8684-C2198200F393}.Debug|x64.ActiveCfg = Debug|Any CPU
		{6FC043FF-382D-4777-8684-C2198200F393}.Debug|x64.Build.0 = Debug|Any CPU
		{6FC043FF-382D-4777-8684-C2198200F393}.Debug|x86.ActiveCfg = Debug|Any CPU
		{6FC043FF-382D-4777-8684-C2198200F393}.Debug|x86.Build.0 = Debug|Any CPU
		{6FC043FF-382D-4777-8684-C2198200F393}.Release|Any CPU.ActiveCfg = Release|Any CPU
		{6FC043FF-382D-4777-8684-C2198200F393}.Release|Any CPU.Build.0 = Release|Any CPU
		{6FC043FF-382D-4777-8684-C2198200F393}.Release|x64.ActiveCfg = Release|Any CPU
		{6FC043FF-382D-4777-8684-C2198200F393}.Release|x64.Build.0 = Release|Any CPU
		{6FC043FF-382D-4777-8684-C2198200F393}.Release|x86.ActiveCfg = Release|Any CPU
		{6FC043FF-382D-4777-8684-C2198200F393}.Release|x86.Build.0 = Release|Any CPU
	EndGlobalSection
	GlobalSection(NestedProjects) = preSolution
		{6FC043FF-382D-4777-8684-C2198200F393} = {1A2EA37C-FD87-4662-BF6A-9805D197432A}
	EndGlobalSection
EndGlobal
